
Microsoft Visual Studio Solution File, Format Version 12.00
# Visual Studio Version 16
VisualStudioVersion = 16.0.29102.190
MinimumVisualStudioVersion = 10.0.40219.1
Project("{FAE04EC0-301F-11D3-BF4B-00C04F79EFBC}") = "ShreyCart.Service", "ShreyCart.Service\ShreyCart.Service.csproj", "{5D88F2A7-C151-4F40-850D-2599B415C921}"
EndProject
Project("{FAE04EC0-301F-11D3-BF4B-00C04F79EFBC}") = "ShreyCart.Service.Tests", "ShreyCart.Service.Tests\ShreyCart.Service.Tests.csproj", "{F3722445-F890-46B4-A85D-C7C3AC43E0B3}"
EndProject
Project("{FAE04EC0-301F-11D3-BF4B-00C04F79EFBC}") = "ShreyCart.Abstractions", "ShreyCart.Abstractions\ShreyCart.Abstractions.csproj", "{71971DD8-6DAD-480E-B59E-99A9DB192ACD}"
EndProject
Project("{FAE04EC0-301F-11D3-BF4B-00C04F79EFBC}") = "ShreyCart.Business", "ShreyCart.Business\ShreyCart.Business.csproj", "{B19559CD-C0F9-42D2-B469-54DF339C9B52}"
EndProject
Project("{FAE04EC0-301F-11D3-BF4B-00C04F79EFBC}") = "ShreyCart.Domain", "ShreyCart.Domain\ShreyCart.Domain.csproj", "{ADAFF353-8D72-43F4-8111-EF654128829D}"
EndProject
Project("{FAE04EC0-301F-11D3-BF4B-00C04F79EFBC}") = "ShreyCart.DataAccess", "ShreyCart.DataAccess\ShreyCart.DataAccess.csproj", "{B04F6E22-B8A4-42B8-8CC6-4B44FC089BB6}"
EndProject
Project("{FAE04EC0-301F-11D3-BF4B-00C04F79EFBC}") = "ShreyCart.DataAccess.Tests", "ShreyCart.DataAccess.Tests\ShreyCart.DataAccess.Tests.csproj", "{9E20278A-5987-49A3-AA08-F37D9AFAD792}"
EndProject
Project("{FAE04EC0-301F-11D3-BF4B-00C04F79EFBC}") = "ShreyCart.Business.Tests", "ShreyCart.Business.Tests\ShreyCart.Business.Tests.csproj", "{A4B71FB7-6D4A-4DAA-B5BC-1369659994F0}"
EndProject
Global
	GlobalSection(SolutionConfigurationPlatforms) = preSolution
		Debug|Any CPU = Debug|Any CPU
		Release|Any CPU = Release|Any CPU
	EndGlobalSection
	GlobalSection(ProjectConfigurationPlatforms) = postSolution
		{5D88F2A7-C151-4F40-850D-2599B415C921}.Debug|Any CPU.ActiveCfg = Debug|Any CPU
		{5D88F2A7-C151-4F40-850D-2599B415C921}.Debug|Any CPU.Build.0 = Debug|Any CPU
		{5D88F2A7-C151-4F40-850D-2599B415C921}.Release|Any CPU.ActiveCfg = Release|Any CPU
		{5D88F2A7-C151-4F40-850D-2599B415C921}.Release|Any CPU.Build.0 = Release|Any CPU
		{F3722445-F890-46B4-A85D-C7C3AC43E0B3}.Debug|Any CPU.ActiveCfg = Debug|Any CPU
		{F3722445-F890-46B4-A85D-C7C3AC43E0B3}.Debug|Any CPU.Build.0 = Debug|Any CPU
		{F3722445-F890-46B4-A85D-C7C3AC43E0B3}.Release|Any CPU.ActiveCfg = Release|Any CPU
		{F3722445-F890-46B4-A85D-C7C3AC43E0B3}.Release|Any CPU.Build.0 = Release|Any CPU
		{71971DD8-6DAD-480E-B59E-99A9DB192ACD}.Debug|Any CPU.ActiveCfg = Debug|Any CPU
		{71971DD8-6DAD-480E-B59E-99A9DB192ACD}.Debug|Any CPU.Build.0 = Debug|Any CPU
		{71971DD8-6DAD-480E-B59E-99A9DB192ACD}.Release|Any CPU.ActiveCfg = Release|Any CPU
		{71971DD8-6DAD-480E-B59E-99A9DB192ACD}.Release|Any CPU.Build.0 = Release|Any CPU
		{B19559CD-C0F9-42D2-B469-54DF339C9B52}.Debug|Any CPU.ActiveCfg = Debug|Any CPU
		{B19559CD-C0F9-42D2-B469-54DF339C9B52}.Debug|Any CPU.Build.0 = Debug|Any CPU
		{B19559CD-C0F9-42D2-B469-54DF339C9B52}.Release|Any CPU.ActiveCfg = Release|Any CPU
		{B19559CD-C0F9-42D2-B469-54DF339C9B52}.Release|Any CPU.Build.0 = Release|Any CPU
		{ADAFF353-8D72-43F4-8111-EF654128829D}.Debug|Any CPU.ActiveCfg = Debug|Any CPU
		{ADAFF353-8D72-43F4-8111-EF654128829D}.Debug|Any CPU.Build.0 = Debug|Any CPU
		{ADAFF353-8D72-43F4-8111-EF654128829D}.Release|Any CPU.ActiveCfg = Release|Any CPU
		{ADAFF353-8D72-43F4-8111-EF654128829D}.Release|Any CPU.Build.0 = Release|Any CPU
		{B04F6E22-B8A4-42B8-8CC6-4B44FC089BB6}.Debug|Any CPU.ActiveCfg = Debug|Any CPU
		{B04F6E22-B8A4-42B8-8CC6-4B44FC089BB6}.Debug|Any CPU.Build.0 = Debug|Any CPU
		{B04F6E22-B8A4-42B8-8CC6-4B44FC089BB6}.Release|Any CPU.ActiveCfg = Release|Any CPU
		{B04F6E22-B8A4-42B8-8CC6-4B44FC089BB6}.Release|Any CPU.Build.0 = Release|Any CPU
		{9E20278A-5987-49A3-AA08-F37D9AFAD792}.Debug|Any CPU.ActiveCfg = Debug|Any CPU
		{9E20278A-5987-49A3-AA08-F37D9AFAD792}.Debug|Any CPU.Build.0 = Debug|Any CPU
		{9E20278A-5987-49A3-AA08-F37D9AFAD792}.Release|Any CPU.ActiveCfg = Release|Any CPU
		{9E20278A-5987-49A3-AA08-F37D9AFAD792}.Release|Any CPU.Build.0 = Release|Any CPU
		{A4B71FB7-6D4A-4DAA-B5BC-1369659994F0}.Debug|Any CPU.ActiveCfg = Debug|Any CPU
		{A4B71FB7-6D4A-4DAA-B5BC-1369659994F0}.Debug|Any CPU.Build.0 = Debug|Any CPU
		{A4B71FB7-6D4A-4DAA-B5BC-1369659994F0}.Release|Any CPU.ActiveCfg = Release|Any CPU
		{A4B71FB7-6D4A-4DAA-B5BC-1369659994F0}.Release|Any CPU.Build.0 = Release|Any CPU
	EndGlobalSection
	GlobalSection(SolutionProperties) = preSolution
		HideSolutionNode = FALSE
	EndGlobalSection
	GlobalSection(ExtensibilityGlobals) = postSolution
		SolutionGuid = {16546121-DE1A-4F33-82BF-879D0B1E658E}
	EndGlobalSection
EndGlobal
